<Solution>
  <Folder Name="/Solution Items/" />
  <Folder Name="/Solution Items/src/">
    <Project Path="VehicleExplorer.Api/VehicleExplorer.Api.csproj" Id="685a6024-af07-4618-a527-67596a25ecd4" />
  </Folder>
  <Folder Name="/Solution Items/tests/">
    <Project Path="VehicleExplorer.Tests/VehicleExplorer.Tests.csproj" />
  </Folder>
</Solution>
